// !$*UTF8*$!
{
	archiveVersion = 1;
	classes = {
	};
	objectVersion = 55;
	objects = {

/* Begin PBXBuildFile section */
		3A8836DA2870EBFB008C3763 /* AppDelegate.swift in Sources */ = {isa = PBXBuildFile; fileRef = 3A8836D92870EBFB008C3763 /* AppDelegate.swift */; };
		3A8836DC2870EBFB008C3763 /* SceneDelegate.swift in Sources */ = {isa = PBXBuildFile; fileRef = 3A8836DB2870EBFB008C3763 /* SceneDelegate.swift */; };
		3A8836E32870EBFD008C3763 /* Assets.xcassets in Resources */ = {isa = PBXBuildFile; fileRef = 3A8836E22870EBFD008C3763 /* Assets.xcassets */; };
		3A8836E62870EBFD008C3763 /* LaunchScreen.storyboard in Resources */ = {isa = PBXBuildFile; fileRef = 3A8836E42870EBFD008C3763 /* LaunchScreen.storyboard */; };
		3A8836EE2870EDFB008C3763 /* HabitsStore.swift in Sources */ = {isa = PBXBuildFile; fileRef = 3A8836ED2870EDFB008C3763 /* HabitsStore.swift */; };
		3A9CAD032879762100AFD164 /* HabitDetailsViewController.swift in Sources */ = {isa = PBXBuildFile; fileRef = 3A9CAD022879762100AFD164 /* HabitDetailsViewController.swift */; };
		3A9CAD07287977A800AFD164 /* HabitDetailsTableViewCell.swift in Sources */ = {isa = PBXBuildFile; fileRef = 3A9CAD06287977A800AFD164 /* HabitDetailsTableViewCell.swift */; };
		3AB0D8E72877601600CB7847 /* ProgressCollectionViewCell.swift in Sources */ = {isa = PBXBuildFile; fileRef = 3AB0D8E62877601600CB7847 /* ProgressCollectionViewCell.swift */; };
		3AB0D8E9287771D300CB7847 /* UIView+Extension.swift in Sources */ = {isa = PBXBuildFile; fileRef = 3AB0D8E8287771D300CB7847 /* UIView+Extension.swift */; };
		3AB0D8EB2877785D00CB7847 /* HabitCollectionViewCell.swift in Sources */ = {isa = PBXBuildFile; fileRef = 3AB0D8EA2877785D00CB7847 /* HabitCollectionViewCell.swift */; };
		3AB62B2B2871DCA900AB7CC7 /* HabitsViewController.swift in Sources */ = {isa = PBXBuildFile; fileRef = 3AB62B2A2871DCA900AB7CC7 /* HabitsViewController.swift */; };
		3AB62B2D2871DCB700AB7CC7 /* InfoViewController.swift in Sources */ = {isa = PBXBuildFile; fileRef = 3AB62B2C2871DCB700AB7CC7 /* InfoViewController.swift */; };
		3AB62B2F2871F2AA00AB7CC7 /* TextInfo.swift in Sources */ = {isa = PBXBuildFile; fileRef = 3AB62B2E2871F2AA00AB7CC7 /* TextInfo.swift */; };
		3AB62B312871F74800AB7CC7 /* SFProDisplay-Semibold.ttf in Resources */ = {isa = PBXBuildFile; fileRef = 3AB62B302871F74800AB7CC7 /* SFProDisplay-Semibold.ttf */; };
		3AB62B362871FAC100AB7CC7 /* HabitViewController.swift in Sources */ = {isa = PBXBuildFile; fileRef = 3AB62B352871FAC100AB7CC7 /* HabitViewController.swift */; };
/* End PBXBuildFile section */

/* Begin PBXFileReference section */
		3A8836D62870EBFB008C3763 /* MyHabits.app */ = {isa = PBXFileReference; explicitFileType = wrapper.application; includeInIndex = 0; path = MyHabits.app; sourceTree = BUILT_PRODUCTS_DIR; };
		3A8836D92870EBFB008C3763 /* AppDelegate.swift */ = {isa = PBXFileReference; lastKnownFileType = sourcecode.swift; path = AppDelegate.swift; sourceTree = "<group>"; };
		3A8836DB2870EBFB008C3763 /* SceneDelegate.swift */ = {isa = PBXFileReference; lastKnownFileType = sourcecode.swift; path = SceneDelegate.swift; sourceTree = "<group>"; };
		3A8836E22870EBFD008C3763 /* Assets.xcassets */ = {isa = PBXFileReference; lastKnownFileType = folder.assetcatalog; path = Assets.xcassets; sourceTree = "<group>"; };
		3A8836E52870EBFD008C3763 /* Base */ = {isa = PBXFileReference; lastKnownFileType = file.storyboard; name = Base; path = Base.lproj/LaunchScreen.storyboard; sourceTree = "<group>"; };
		3A8836E72870EBFD008C3763 /* Info.plist */ = {isa = PBXFileReference; lastKnownFileType = text.plist.xml; path = Info.plist; sourceTree = "<group>"; };
		3A8836ED2870EDFB008C3763 /* HabitsStore.swift */ = {isa = PBXFileReference; fileEncoding = 4; lastKnownFileType = sourcecode.swift; path = HabitsStore.swift; sourceTree = "<group>"; };
		3A9CAD022879762100AFD164 /* HabitDetailsViewController.swift */ = {isa = PBXFileReference; lastKnownFileType = sourcecode.swift; path = HabitDetailsViewController.swift; sourceTree = "<group>"; };
		3A9CAD06287977A800AFD164 /* HabitDetailsTableViewCell.swift */ = {isa = PBXFileReference; lastKnownFileType = sourcecode.swift; path = HabitDetailsTableViewCell.swift; sourceTree = "<group>"; };
		3A9CAD08287B2DDB00AFD164 /* SFProDisplay-Bold.ttf */ = {isa = PBXFileReference; lastKnownFileType = file; path = "SFProDisplay-Bold.ttf"; sourceTree = "<group>"; };
		3A9CAD09287B2F9E00AFD164 /* SFProText-Semibold.ttf */ = {isa = PBXFileReference; lastKnownFileType = file; path = "SFProText-Semibold.ttf"; sourceTree = "<group>"; };
		3A9CAD0A287B334A00AFD164 /* SFProText-Medium.ttf */ = {isa = PBXFileReference; lastKnownFileType = file; path = "SFProText-Medium.ttf"; sourceTree = "<group>"; };
		3AA60AF2289537DE00860DE1 /* SFProText-Regular.ttf */ = {isa = PBXFileReference; lastKnownFileType = file; path = "SFProText-Regular.ttf"; sourceTree = "<group>"; };
		3AB0D8E62877601600CB7847 /* ProgressCollectionViewCell.swift */ = {isa = PBXFileReference; lastKnownFileType = sourcecode.swift; path = ProgressCollectionViewCell.swift; sourceTree = "<group>"; };
		3AB0D8E8287771D300CB7847 /* UIView+Extension.swift */ = {isa = PBXFileReference; lastKnownFileType = sourcecode.swift; path = "UIView+Extension.swift"; sourceTree = "<group>"; };
		3AB0D8EA2877785D00CB7847 /* HabitCollectionViewCell.swift */ = {isa = PBXFileReference; lastKnownFileType = sourcecode.swift; path = HabitCollectionViewCell.swift; sourceTree = "<group>"; };
		3AB62B2A2871DCA900AB7CC7 /* HabitsViewController.swift */ = {isa = PBXFileReference; lastKnownFileType = sourcecode.swift; path = HabitsViewController.swift; sourceTree = "<group>"; };
		3AB62B2C2871DCB700AB7CC7 /* InfoViewController.swift */ = {isa = PBXFileReference; lastKnownFileType = sourcecode.swift; path = InfoViewController.swift; sourceTree = "<group>"; };
		3AB62B2E2871F2AA00AB7CC7 /* TextInfo.swift */ = {isa = PBXFileReference; lastKnownFileType = sourcecode.swift; path = TextInfo.swift; sourceTree = "<group>"; };
		3AB62B302871F74800AB7CC7 /* SFProDisplay-Semibold.ttf */ = {isa = PBXFileReference; lastKnownFileType = file; path = "SFProDisplay-Semibold.ttf"; sourceTree = "<group>"; };
		3AB62B352871FAC100AB7CC7 /* HabitViewController.swift */ = {isa = PBXFileReference; lastKnownFileType = sourcecode.swift; path = HabitViewController.swift; sourceTree = "<group>"; };
/* End PBXFileReference section */

/* Begin PBXFrameworksBuildPhase section */
		3A8836D32870EBFB008C3763 /* Frameworks */ = {
			isa = PBXFrameworksBuildPhase;
			buildActionMask = 2147483647;
			files = (
			);
			runOnlyForDeploymentPostprocessing = 0;
		};
/* End PBXFrameworksBuildPhase section */

/* Begin PBXGroup section */
		3A8836CD2870EBFB008C3763 = {
			isa = PBXGroup;
			children = (
				3A8836D82870EBFB008C3763 /* MyHabits */,
				3A8836D72870EBFB008C3763 /* Products */,
			);
			sourceTree = "<group>";
		};
		3A8836D72870EBFB008C3763 /* Products */ = {
			isa = PBXGroup;
			children = (
				3A8836D62870EBFB008C3763 /* MyHabits.app */,
			);
			name = Products;
			sourceTree = "<group>";
		};
		3A8836D82870EBFB008C3763 /* MyHabits */ = {
			isa = PBXGroup;
			children = (
				3A9CAD042879763100AFD164 /* ViewControllers */,
				3A9CAD052879764400AFD164 /* Cells */,
				3A8836D92870EBFB008C3763 /* AppDelegate.swift */,
				3A8836DB2870EBFB008C3763 /* SceneDelegate.swift */,
				3AB62B2E2871F2AA00AB7CC7 /* TextInfo.swift */,
				3A8836ED2870EDFB008C3763 /* HabitsStore.swift */,
				3AB0D8E8287771D300CB7847 /* UIView+Extension.swift */,
				3A8836E22870EBFD008C3763 /* Assets.xcassets */,
				3A8836E42870EBFD008C3763 /* LaunchScreen.storyboard */,
				3AB62B322871F75000AB7CC7 /* Fonts */,
				3A8836E72870EBFD008C3763 /* Info.plist */,
			);
			path = MyHabits;
			sourceTree = "<group>";
		};
		3A9CAD042879763100AFD164 /* ViewControllers */ = {
			isa = PBXGroup;
			children = (
				3A9CAD022879762100AFD164 /* HabitDetailsViewController.swift */,
				3AB62B2C2871DCB700AB7CC7 /* InfoViewController.swift */,
				3AB62B352871FAC100AB7CC7 /* HabitViewController.swift */,
				3AB62B2A2871DCA900AB7CC7 /* HabitsViewController.swift */,
			);
			path = ViewControllers;
			sourceTree = "<group>";
		};
		3A9CAD052879764400AFD164 /* Cells */ = {
			isa = PBXGroup;
			children = (
				3AB0D8E62877601600CB7847 /* ProgressCollectionViewCell.swift */,
				3AB0D8EA2877785D00CB7847 /* HabitCollectionViewCell.swift */,
				3A9CAD06287977A800AFD164 /* HabitDetailsTableViewCell.swift */,
			);
			path = Cells;
			sourceTree = "<group>";
		};
		3AB62B322871F75000AB7CC7 /* Fonts */ = {
			isa = PBXGroup;
			children = (
				3AB62B302871F74800AB7CC7 /* SFProDisplay-Semibold.ttf */,
				3A9CAD08287B2DDB00AFD164 /* SFProDisplay-Bold.ttf */,
				3A9CAD09287B2F9E00AFD164 /* SFProText-Semibold.ttf */,
				3AA60AF2289537DE00860DE1 /* SFProText-Regular.ttf */,
				3A9CAD0A287B334A00AFD164 /* SFProText-Medium.ttf */,
			);
			path = Fonts;
			sourceTree = "<group>";
		};
/* End PBXGroup section */

/* Begin PBXNativeTarget section */
		3A8836D52870EBFB008C3763 /* MyHabits */ = {
			isa = PBXNativeTarget;
			buildConfigurationList = 3A8836EA2870EBFD008C3763 /* Build configuration list for PBXNativeTarget "MyHabits" */;
			buildPhases = (
				3A8836D22870EBFB008C3763 /* Sources */,
				3A8836D32870EBFB008C3763 /* Frameworks */,
				3A8836D42870EBFB008C3763 /* Resources */,
			);
			buildRules = (
			);
			dependencies = (
			);
			name = MyHabits;
			productName = MyHabits;
			productReference = 3A8836D62870EBFB008C3763 /* MyHabits.app */;
			productType = "com.apple.product-type.application";
		};
/* End PBXNativeTarget section */

/* Begin PBXProject section */
		3A8836CE2870EBFB008C3763 /* Project object */ = {
			isa = PBXProject;
			attributes = {
				BuildIndependentTargetsInParallel = 1;
				LastSwiftUpdateCheck = 1330;
				LastUpgradeCheck = 1330;
				TargetAttributes = {
					3A8836D52870EBFB008C3763 = {
						CreatedOnToolsVersion = 13.3;
					};
				};
			};
			buildConfigurationList = 3A8836D12870EBFB008C3763 /* Build configuration list for PBXProject "MyHabits" */;
			compatibilityVersion = "Xcode 13.0";
			developmentRegion = en;
			hasScannedForEncodings = 0;
			knownRegions = (
				en,
				Base,
			);
			mainGroup = 3A8836CD2870EBFB008C3763;
			productRefGroup = 3A8836D72870EBFB008C3763 /* Products */;
			projectDirPath = "";
			projectRoot = "";
			targets = (
				3A8836D52870EBFB008C3763 /* MyHabits */,
			);
		};
/* End PBXProject section */

/* Begin PBXResourcesBuildPhase section */
		3A8836D42870EBFB008C3763 /* Resources */ = {
			isa = PBXResourcesBuildPhase;
			buildActionMask = 2147483647;
			files = (
				3A8836E62870EBFD008C3763 /* LaunchScreen.storyboard in Resources */,
				3AB62B312871F74800AB7CC7 /* SFProDisplay-Semibold.ttf in Resources */,
				3A8836E32870EBFD008C3763 /* Assets.xcassets in Resources */,
			);
			runOnlyForDeploymentPostprocessing = 0;
		};
/* End PBXResourcesBuildPhase section */

/* Begin PBXSourcesBuildPhase section */
		3A8836D22870EBFB008C3763 /* Sources */ = {
			isa = PBXSourcesBuildPhase;
			buildActionMask = 2147483647;
			files = (
				3AB62B2F2871F2AA00AB7CC7 /* TextInfo.swift in Sources */,
				3A8836EE2870EDFB008C3763 /* HabitsStore.swift in Sources */,
				3AB62B362871FAC100AB7CC7 /* HabitViewController.swift in Sources */,
				3AB0D8E9287771D300CB7847 /* UIView+Extension.swift in Sources */,
				3A9CAD032879762100AFD164 /* HabitDetailsViewController.swift in Sources */,
				3A8836DA2870EBFB008C3763 /* AppDelegate.swift in Sources */,
				3AB62B2B2871DCA900AB7CC7 /* HabitsViewController.swift in Sources */,
				3AB62B2D2871DCB700AB7CC7 /* InfoViewController.swift in Sources */,
				3AB0D8E72877601600CB7847 /* ProgressCollectionViewCell.swift in Sources */,
				3A8836DC2870EBFB008C3763 /* SceneDelegate.swift in Sources */,
				3AB0D8EB2877785D00CB7847 /* HabitCollectionViewCell.swift in Sources */,
				3A9CAD07287977A800AFD164 /* HabitDetailsTableViewCell.swift in Sources */,
			);
			runOnlyForDeploymentPostprocessing = 0;
		};
/* End PBXSourcesBuildPhase section */

/* Begin PBXVariantGroup section */
		3A8836E42870EBFD008C3763 /* LaunchScreen.storyboard */ = {
			isa = PBXVariantGroup;
			children = (
				3A8836E52870EBFD008C3763 /* Base */,
			);
			name = LaunchScreen.storyboard;
			sourceTree = "<group>";
		};
/* End PBXVariantGroup section */

/* Begin XCBuildConfiguration section */
		3A8836E82870EBFD008C3763 /* Debug */ = {
			isa = XCBuildConfiguration;
			buildSettings = {
				ALWAYS_SEARCH_USER_PATHS = NO;
				CLANG_ANALYZER_NONNULL = YES;
				CLANG_ANALYZER_NUMBER_OBJECT_CONVERSION = YES_AGGRESSIVE;
				CLANG_CXX_LANGUAGE_STANDARD = "gnu++17";
				CLANG_ENABLE_MODULES = YES;
				CLANG_ENABLE_OBJC_ARC = YES;
				CLANG_ENABLE_OBJC_WEAK = YES;
				CLANG_WARN_BLOCK_CAPTURE_AUTORELEASING = YES;
				CLANG_WARN_BOOL_CONVERSION = YES;
				CLANG_WARN_COMMA = YES;
				CLANG_WARN_CONSTANT_CONVERSION = YES;
				CLANG_WARN_DEPRECATED_OBJC_IMPLEMENTATIONS = YES;
				CLANG_WARN_DIRECT_OBJC_ISA_USAGE = YES_ERROR;
				CLANG_WARN_DOCUMENTATION_COMMENTS = YES;
				CLANG_WARN_EMPTY_BODY = YES;
				CLANG_WARN_ENUM_CONVERSION = YES;
				CLANG_WARN_INFINITE_RECURSION = YES;
				CLANG_WARN_INT_CONVERSION = YES;
				CLANG_WARN_NON_LITERAL_NULL_CONVERSION = YES;
				CLANG_WARN_OBJC_IMPLICIT_RETAIN_SELF = YES;
				CLANG_WARN_OBJC_LITERAL_CONVERSION = YES;
				CLANG_WARN_OBJC_ROOT_CLASS = YES_ERROR;
				CLANG_WARN_QUOTED_INCLUDE_IN_FRAMEWORK_HEADER = YES;
				CLANG_WARN_RANGE_LOOP_ANALYSIS = YES;
				CLANG_WARN_STRICT_PROTOTYPES = YES;
				CLANG_WARN_SUSPICIOUS_MOVE = YES;
				CLANG_WARN_UNGUARDED_AVAILABILITY = YES_AGGRESSIVE;
				CLANG_WARN_UNREACHABLE_CODE = YES;
				CLANG_WARN__DUPLICATE_METHOD_MATCH = YES;
				COPY_PHASE_STRIP = NO;
				DEBUG_INFORMATION_FORMAT = dwarf;
				ENABLE_STRICT_OBJC_MSGSEND = YES;
				ENABLE_TESTABILITY = YES;
				GCC_C_LANGUAGE_STANDARD = gnu11;
				GCC_DYNAMIC_NO_PIC = NO;
				GCC_NO_COMMON_BLOCKS = YES;
				GCC_OPTIMIZATION_LEVEL = 0;
				GCC_PREPROCESSOR_DEFINITIONS = (
					"DEBUG=1",
					"$(inherited)",
				);
				GCC_WARN_64_TO_32_BIT_CONVERSION = YES;
				GCC_WARN_ABOUT_RETURN_TYPE = YES_ERROR;
				GCC_WARN_UNDECLARED_SELECTOR = YES;
				GCC_WARN_UNINITIALIZED_AUTOS = YES_AGGRESSIVE;
				GCC_WARN_UNUSED_FUNCTION = YES;
				GCC_WARN_UNUSED_VARIABLE = YES;
				IPHONEOS_DEPLOYMENT_TARGET = 15.4;
				MTL_ENABLE_DEBUG_INFO = INCLUDE_SOURCE;
				MTL_FAST_MATH = YES;
				ONLY_ACTIVE_ARCH = YES;
				SDKROOT = iphoneos;
				SWIFT_ACTIVE_COMPILATION_CONDITIONS = DEBUG;
				SWIFT_OPTIMIZATION_LEVEL = "-Onone";
			};
			name = Debug;
		};
		3A8836E92870EBFD008C3763 /* Release */ = {
			isa = XCBuildConfiguration;
			buildSettings = {
				ALWAYS_SEARCH_USER_PATHS = NO;
				CLANG_ANALYZER_NONNULL = YES;
				CLANG_ANALYZER_NUMBER_OBJECT_CONVERSION = YES_AGGRESSIVE;
				CLANG_CXX_LANGUAGE_STANDARD = "gnu++17";
				CLANG_ENABLE_MODULES = YES;
				CLANG_ENABLE_OBJC_ARC = YES;
				CLANG_ENABLE_OBJC_WEAK = YES;
				CLANG_WARN_BLOCK_CAPTURE_AUTORELEASING = YES;
				CLANG_WARN_BOOL_CONVERSION = YES;
				CLANG_WARN_COMMA = YES;
				CLANG_WARN_CONSTANT_CONVERSION = YES;
				CLANG_WARN_DEPRECATED_OBJC_IMPLEMENTATIONS = YES;
				CLANG_WARN_DIRECT_OBJC_ISA_USAGE = YES_ERROR;
				CLANG_WARN_DOCUMENTATION_COMMENTS = YES;
				CLANG_WARN_EMPTY_BODY = YES;
				CLANG_WARN_ENUM_CONVERSION = YES;
				CLANG_WARN_INFINITE_RECURSION = YES;
				CLANG_WARN_INT_CONVERSION = YES;
				CLANG_WARN_NON_LITERAL_NULL_CONVERSION = YES;
				CLANG_WARN_OBJC_IMPLICIT_RETAIN_SELF = YES;
				CLANG_WARN_OBJC_LITERAL_CONVERSION = YES;
				CLANG_WARN_OBJC_ROOT_CLASS = YES_ERROR;
				CLANG_WARN_QUOTED_INCLUDE_IN_FRAMEWORK_HEADER = YES;
				CLANG_WARN_RANGE_LOOP_ANALYSIS = YES;
				CLANG_WARN_STRICT_PROTOTYPES = YES;
				CLANG_WARN_SUSPICIOUS_MOVE = YES;
				CLANG_WARN_UNGUARDED_AVAILABILITY = YES_AGGRESSIVE;
				CLANG_WARN_UNREACHABLE_CODE = YES;
				CLANG_WARN__DUPLICATE_METHOD_MATCH = YES;
				COPY_PHASE_STRIP = NO;
				DEBUG_INFORMATION_FORMAT = "dwarf-with-dsym";
				ENABLE_NS_ASSERTIONS = NO;
				ENABLE_STRICT_OBJC_MSGSEND = YES;
				GCC_C_LANGUAGE_STANDARD = gnu11;
				GCC_NO_COMMON_BLOCKS = YES;
				GCC_WARN_64_TO_32_BIT_CONVERSION = YES;
				GCC_WARN_ABOUT_RETURN_TYPE = YES_ERROR;
				GCC_WARN_UNDECLARED_SELECTOR = YES;
				GCC_WARN_UNINITIALIZED_AUTOS = YES_AGGRESSIVE;
				GCC_WARN_UNUSED_FUNCTION = YES;
				GCC_WARN_UNUSED_VARIABLE = YES;
				IPHONEOS_DEPLOYMENT_TARGET = 15.4;
				MTL_ENABLE_DEBUG_INFO = NO;
				MTL_FAST_MATH = YES;
				SDKROOT = iphoneos;
				SWIFT_COMPILATION_MODE = wholemodule;
				SWIFT_OPTIMIZATION_LEVEL = "-O";
				VALIDATE_PRODUCT = YES;
			};
			name = Release;
		};
		3A8836EB2870EBFD008C3763 /* Debug */ = {
			isa = XCBuildConfiguration;
			buildSettings = {
				ASSETCATALOG_COMPILER_APPICON_NAME = AppIcon;
				ASSETCATALOG_COMPILER_GLOBAL_ACCENT_COLOR_NAME = AccentColor;
				CODE_SIGN_IDENTITY = "Apple Development";
				CODE_SIGN_STYLE = Automatic;
				CURRENT_PROJECT_VERSION = 1;
				DEVELOPMENT_TEAM = LU6H45PD84;
				GENERATE_INFOPLIST_FILE = YES;
				INFOPLIST_FILE = MyHabits/Info.plist;
				INFOPLIST_KEY_UIApplicationSupportsIndirectInputEvents = YES;
				INFOPLIST_KEY_UILaunchStoryboardName = LaunchScreen;
				INFOPLIST_KEY_UISupportedInterfaceOrientations_iPad = "UIInterfaceOrientationPortrait UIInterfaceOrientationPortraitUpsideDown UIInterfaceOrientationLandscapeLeft UIInterfaceOrientationLandscapeRight";
				INFOPLIST_KEY_UISupportedInterfaceOrientations_iPhone = "UIInterfaceOrientationPortrait UIInterfaceOrientationLandscapeLeft UIInterfaceOrientationLandscapeRight";
				IPHONEOS_DEPLOYMENT_TARGET = 15.5;
				LD_RUNPATH_SEARCH_PATHS = (
					"$(inherited)",
					"@executable_path/Frameworks",
				);
				MARKETING_VERSION = 1.0;
				PRODUCT_BUNDLE_IDENTIFIER = Home.MyHabits;
				PRODUCT_NAME = "$(TARGET_NAME)";
				PROVISIONING_PROFILE_SPECIFIER = "";
				SWIFT_EMIT_LOC_STRINGS = YES;
				SWIFT_VERSION = 5.0;
				TARGETED_DEVICE_FAMILY = "1,2";
			};
			name = Debug;
		};
		3A8836EC2870EBFD008C3763 /* Release */ = {
			isa = XCBuildConfiguration;
			buildSettings = {
				ASSETCATALOG_COMPILER_APPICON_NAME = AppIcon;
				ASSETCATALOG_COMPILER_GLOBAL_ACCENT_COLOR_NAME = AccentColor;
				CODE_SIGN_IDENTITY = "Apple Development";
				CODE_SIGN_STYLE = Automatic;
				CURRENT_PROJECT_VERSION = 1;
				DEVELOPMENT_TEAM = LU6H45PD84;
				GENERATE_INFOPLIST_FILE = YES;
				INFOPLIST_FILE = MyHabits/Info.plist;
				INFOPLIST_KEY_UIApplicationSupportsIndirectInputEvents = YES;
				INFOPLIST_KEY_UILaunchStoryboardName = LaunchScreen;
				INFOPLIST_KEY_UISupportedInterfaceOrientations_iPad = "UIInterfaceOrientationPortrait UIInterfaceOrientationPortraitUpsideDown UIInterfaceOrientationLandscapeLeft UIInterfaceOrientationLandscapeRight";
				INFOPLIST_KEY_UISupportedInterfaceOrientations_iPhone = "UIInterfaceOrientationPortrait UIInterfaceOrientationLandscapeLeft UIInterfaceOrientationLandscapeRight";
				IPHONEOS_DEPLOYMENT_TARGET = 15.5;
				LD_RUNPATH_SEARCH_PATHS = (
					"$(inherited)",
					"@executable_path/Frameworks",
				);
				MARKETING_VERSION = 1.0;
				PRODUCT_BUNDLE_IDENTIFIER = Home.MyHabits;
				PRODUCT_NAME = "$(TARGET_NAME)";
				PROVISIONING_PROFILE_SPECIFIER = "";
				SWIFT_EMIT_LOC_STRINGS = YES;
				SWIFT_VERSION = 5.0;
				TARGETED_DEVICE_FAMILY = "1,2";
			};
			name = Release;
		};
/* End XCBuildConfiguration section */

/* Begin XCConfigurationList section */
		3A8836D12870EBFB008C3763 /* Build configuration list for PBXProject "MyHabits" */ = {
			isa = XCConfigurationList;
			buildConfigurations = (
				3A8836E82870EBFD008C3763 /* Debug */,
				3A8836E92870EBFD008C3763 /* Release */,
			);
			defaultConfigurationIsVisible = 0;
			defaultConfigurationName = Release;
		};
		3A8836EA2870EBFD008C3763 /* Build configuration list for PBXNativeTarget "MyHabits" */ = {
			isa = XCConfigurationList;
			buildConfigurations = (
				3A8836EB2870EBFD008C3763 /* Debug */,
				3A8836EC2870EBFD008C3763 /* Release */,
			);
			defaultConfigurationIsVisible = 0;
			defaultConfigurationName = Release;
		};
/* End XCConfigurationList section */
	};
	rootObject = 3A8836CE2870EBFB008C3763 /* Project object */;
}
